
Microsoft Visual Studio Solution File, Format Version 12.00
# Visual Studio Version 17
VisualStudioVersion = 17.5.33516.290
MinimumVisualStudioVersion = 10.0.40219.1
Project("{FAE04EC0-301F-11D3-BF4B-00C04F79EFBC}") = "FileManager", "FileManager\FileManager.csproj", "{EBE0CC4E-C6E6-4811-8882-B2A111CFA637}"
EndProject
Global
	GlobalSection(SolutionConfigurationPlatforms) = preSolution
		Debug|Any CPU = Debug|Any CPU
		Release|Any CPU = Release|Any CPU
	EndGlobalSection
	GlobalSection(ProjectConfigurationPlatforms) = postSolution
		{EBE0CC4E-C6E6-4811-8882-B2A111CFA637}.Debug|Any CPU.ActiveCfg = Debug|Any CPU
		{EBE0CC4E-C6E6-4811-8882-B2A111CFA637}.Debug|Any CPU.Build.0 = Debug|Any CPU
		{EBE0CC4E-C6E6-4811-8882-B2A111CFA637}.Release|Any CPU.ActiveCfg = Release|Any CPU
		{EBE0CC4E-C6E6-4811-8882-B2A111CFA637}.Release|Any CPU.Build.0 = Release|Any CPU
	EndGlobalSection
	GlobalSection(SolutionProperties) = preSolution
		HideSolutionNode = FALSE
	EndGlobalSection
	GlobalSection(ExtensibilityGlobals) = postSolution
		SolutionGuid = {A9B5772A-B4A8-4352-AB3C-51AC0BFF8BB1}
	EndGlobalSection
EndGlobal
